PODS:
  - Flutter (1.0.0)
  - flutter_inappwebview (0.0.1):
    - Flutter
    - flutter_inappwebview/Core (= 0.0.1)
    - OrderedSet (~> 5.0)
  - flutter_inappwebview/Core (0.0.1):
    - Flutter
    - OrderedSet (~> 5.0)
  - flutter_secure_storage (3.3.1):
    - Flutter
  - local_auth (0.0.1):
    - Flutter
  - OrderedSet (5.0.0)
  - shared_preferences_ios (0.0.1):
    - Flutter

DEPENDENCIES:
  - Flutter (from `Flutter`)
  - flutter_inappwebview (from `.symlinks/plugins/flutter_inappwebview/ios`)
  - flutter_secure_storage (from `.symlinks/plugins/flutter_secure_storage/ios`)
  - local_auth (from `.symlinks/plugins/local_auth/ios`)
  - shared_preferences_ios (from `.symlinks/plugins/shared_preferences_ios/ios`)

SPEC REPOS:
  trunk:
    - OrderedSet

EXTERNAL SOURCES:
  Flutter:
    :path: Flutter
  flutter_inappwebview:
    :path: ".symlinks/plugins/flutter_inappwebview/ios"
  flutter_secure_storage:
    :path: ".symlinks/plugins/flutter_secure_storage/ios"
  local_auth:
    :path: ".symlinks/plugins/local_auth/ios"
  shared_preferences_ios:
    :path: ".symlinks/plugins/shared_preferences_ios/ios"

SPEC CHECKSUMS:
  Flutter: f04841e97a9d0b0a8025694d0796dd46242b2854
  flutter_inappwebview: acd4fc0f012cefd09015000c241137d82f01ba62
  flutter_secure_storage: 7953c38a04c3fdbb00571bcd87d8e3b5ceb9daec
  local_auth: 1740f55d7af0a2e2a8684ce225fe79d8931e808c
  OrderedSet: aaeb196f7fef5a9edf55d89760da9176ad40b93c
  shared_preferences_ios: 548a61f8053b9b8a49ac19c1ffbc8b92c50d68ad

PODFILE CHECKSUM: 30a4b83fc104bd9c82b197d872d7a26ff6901ef5

COCOAPODS: 1.15.2
